schema: '2.0'
stages:
  generate_data:
    cmd: python -m src.data.generate_synthetic
    deps:
    - path: src/data/generate_synthetic.py
      hash: md5
      md5: ab52aaa9cc9d060b8ff2ac5f31484a3a
      size: 3499
    params:
      params.yaml:
        data.image_size: 224
        data.samples_per_class: 300
        data.seed: 42
    outs:
    - path: data/raw
      hash: md5
      md5: 3555a8c5e4a2bd940a42c94b19ecf20e.dir
      size: 2342663
      nfiles: 600
  preprocess:
    cmd: python -m src.data.preprocess
    deps:
    - path: data/raw
      hash: md5
      md5: 3ab70657c819f03d532454f827afdcf7.dir
      size: 848866410
      nfiles: 24998
    - path: src/data/preprocess.py
      hash: md5
      md5: 4bf452fe8b35346de149bbb8516cad8d
      size: 5504
    params:
      params.yaml:
        data.image_size: 224
        data.seed: 42
        data.test_split: 0.1
        data.train_split: 0.8
        data.val_split: 0.1
    outs:
    - path: data/processed
      hash: md5
      md5: 7244de93cb41b0f72228d1cc521b62dc.dir
      size: 388349213
      nfiles: 24998
  train:
    cmd: python -m src.models.train
    deps:
    - path: data/processed
      hash: md5
      md5: 7244de93cb41b0f72228d1cc521b62dc.dir
      size: 388349213
      nfiles: 24998
    - path: src/data/preprocess.py
      hash: md5
      md5: 4bf452fe8b35346de149bbb8516cad8d
      size: 5504
    - path: src/models/model.py
      hash: md5
      md5: cef195dfd97b4bae66335390b26a5251
      size: 1614
    - path: src/models/train.py
      hash: md5
      md5: 461a8660bbcca631e680a27eaf8b9018
      size: 8133
    params:
      params.yaml:
        train.batch_size: 32
        train.epochs: 5
        train.learning_rate: 0.001
        train.num_classes: 2
    outs:
    - path: models/metrics.json
      hash: md5
      md5: ec800e37240bda58122fc36155a337a9
      size: 106
    - path: models/model.pt
      hash: md5
      md5: f0d8492d392e3cb5cd8d40ac3cafd84a
      size: 103131
    - path: models/plots/confusion_matrix.png
      hash: md5
      md5: 6f587edbf4e9179e2a03c42bc232b988
      size: 23271
    - path: models/plots/training_curves.png
      hash: md5
      md5: 7c926c088d379f215811fe6cd08b4421
      size: 74967
